
Microsoft Visual Studio Solution File, Format Version 11.00
# Visual Studio 2010
Project("{FAE04EC0-301F-11D3-BF4B-00C04F79EFBC}") = "JumpBall_2D", "Assembly-CSharp.csproj", "{8FAD706B-EE70-9BE4-05EE-D1BF9B1B8EEF}"
EndProject
Global
	GlobalSection(SolutionConfigurationPlatforms) = preSolution
		Debug|Any CPU = Debug|Any CPU
		Release|Any CPU = Release|Any CPU
	EndGlobalSection
	GlobalSection(ProjectConfigurationPlatforms) = postSolution
		{8FAD706B-EE70-9BE4-05EE-D1BF9B1B8EEF}.Debug|Any CPU.ActiveCfg = Debug|Any CPU
		{8FAD706B-EE70-9BE4-05EE-D1BF9B1B8EEF}.Debug|Any CPU.Build.0 = Debug|Any CPU
		{8FAD706B-EE70-9BE4-05EE-D1BF9B1B8EEF}.Release|Any CPU.ActiveCfg = Release|Any CPU
		{8FAD706B-EE70-9BE4-05EE-D1BF9B1B8EEF}.Release|Any CPU.Build.0 = Release|Any CPU
	EndGlobalSection
	GlobalSection(SolutionProperties) = preSolution
		HideSolutionNode = FALSE
	EndGlobalSection
	GlobalSection(MonoDevelopProperties) = preSolution
		StartupItem = Assembly-CSharp.csproj
	EndGlobalSection
EndGlobal
